# This file is automatically @generated by Poetry 2.2.1 and should not be changed by hand.

[[package]]
name = "colorama"
version = "0.4.6"
description = "Cross-platform colored terminal text."
optional = false
python-versions = "!=3.0.*,!=3.1.*,!=3.2.*,!=3.3.*,!=3.4.*,!=3.5.*,!=3.6.*,>=2.7"
groups = ["main", "dev"]
markers = "sys_platform == \"win32\""
files = [
    {file = "colorama-0.4.6-py2.py3-none-any.whl", hash = "sha256:4f1d9991f5acc0ca119f9d443620b77f9d6b33703e51011c16baf57afb285fc6"},
    {file = "colorama-0.4.6.tar.gz", hash = "sha256:08695f5cb7ed6e0531a20572697297273c47b8cae5a63ffc6d6ed5c201be6e44"},
]

[[package]]
name = "cython"
version = "3.2.0"
description = "The Cython compiler for writing C extensions in the Python language."
optional = false
python-versions = ">=3.8"
groups = ["main"]
files = [
    {file = "cython-3.2.0-cp310-cp310-macosx_11_0_arm64.whl", hash = "sha256:ee408125b2d218ec7d7a061e09d24715fcab9bf7ea1a4ac01907c3f8ec8730b3"},
    {file = "cython-3.2.0-cp310-cp310-manylinux2014_aarch64.manylinux_2_17_aarch64.manylinux_2_28_aarch64.whl", hash = "sha256:c93ce307b05fcd86a5bb0e4a7d7fab238e2f0e9936636097a60bc0e21f2def30"},
    {file = "cython-3.2.0-cp310-cp310-manylinux2014_x86_64.manylinux_2_17_x86_64.manylinux_2_28_x86_64.whl", hash = "sha256:191cfc2fa84642ad41a52d5abaacfb330d9a6653a465e4bf0a5681f66197a967"},
    {file = "cython-3.2.0-cp310-cp310-win_amd64.whl", hash = "sha256:a259053037ef82959b743b7fde238bd191ee43f88eb8e51101d5f3d8849f1e32"},
    {file = "cython-3.2.0-cp311-cp311-macosx_11_0_arm64.whl", hash = "sha256:e9e4b2248dc3a98b86aeba65e9862d2cc881d072c163c0fb31b511d4d72e93c8"},
    {file = "cython-3.2.0-cp311-cp311-manylinux2014_aarch64.manylinux_2_17_aarch64.manylinux_2_28_aarch64.whl", hash = "sha256:02fb4990a83d5d6f780dda18ed8baa8d587cb6523f57b4d72bc0b41ad3766c96"},
    {file = "cython-3.2.0-cp311-cp311-manylinux2014_x86_64.manylinux_2_17_x86_64.manylinux_2_28_x86_64.whl", hash = "sha256:8a98925517819d62ea25d2cf40057df60a9bcf75fdd1d6ed3882e6ae0730d82f"},
    {file = "cython-3.2.0-cp311-cp311-win_amd64.whl", hash = "sha256:4c959a5d4cd6331e8498822ba47200bd2ff4bf74517c0c91475d5bc21da3b4d5"},
    {file = "cython-3.2.0-cp312-cp312-macosx_11_0_arm64.whl", hash = "sha256:511d823d9f8a1b850178ec355d6df0a1731b9c20b08ee6d1a780f68215e9013f"},
    {file = "cython-3.2.0-cp312-cp312-manylinux2014_aarch64.manylinux_2_17_aarch64.manylinux_2_28_aarch64.whl", hash = "sha256:bbadeedcb2d135655bcce7380fb28c9e2a75b6810426c12b6e5a6fe6106fafb4"},
    {file = "cython-3.2.0-cp312-cp312-manylinux2014_x86_64.manylinux_2_17_x86_64.manylinux_2_28_x86_64.whl", hash = "sha256:92d2394a3e3fe704210b5324eb8118333b514af72c98b1e02a6503945825b231"},
    {file = "cython-3.2.0-cp312-cp312-win_amd64.whl", hash = "sha256:73435e56654a34ece57d4c3304a4556a8402cc4ae2d0e30f71c237a985dc5246"},
    {file = "cython-3.2.0-cp313-cp313-macosx_11_0_arm64.whl", hash = "sha256:d900e58e826f9a5a27b0e2b50e33473e9986a5bae375c39b0f2e19f2c545fa23"},
    {file = "cython-3.2.0-cp313-cp313-manylinux2014_aarch64.manylinux_2_17_aarch64.manylinux_2_28_aarch64.whl", hash = "sha256:a9d38cd3aab720d21fa6d6ee168228352f69aea0a95bd4fb84e8879c6ed38fbb"},
    {file = "cython-3.2.0-cp313-cp313-manylinux2014_x86_64.manylinux_2_17_x86_64.manylinux_2_28_x86_64.whl", hash = "sha256:92b31d0b7b0a49b3d2aa94faaf75d44a03174cff2616b341a8853c919e511d51"},
    {file = "cython-3.2.0-cp313-cp313-win_amd64.whl", hash = "sha256:2847b74e76dbad612f6fc7182c12a5f78cffb0d05808fd2c4b638cf02d1aade6"},
    {file = "cython-3.2.0-cp314-cp314-macosx_11_0_arm64.whl", hash = "sha256:a0a8274959d538d12f865193dcd67bb5630906e020190c890d2b7c13d31713c6"},
    {file = "cython-3.2.0-cp314-cp314-manylinux2014_aarch64.manylinux_2_17_aarch64.manylinux_2_28_aarch64.whl", hash = "sha256:0a1c800833c25195833805c7c3626a2c30b3baaaa9ba361a1af3bbc379662a8d"},
    {file = "cython-3.2.0-cp314-cp314-manylinux2014_x86_64.manylinux_2_17_x86_64.manylinux_2_28_x86_64.whl", hash = "sha256:df15af08c21c18a2e848df5954d6fd3310735089b60405132fa4111e2cf7482a"},
    {file = "cython-3.2.0-cp314-cp314-win_amd64.whl", hash = "sha256:9d6876af2132757fff1b42a2f4eaa72482f991863160e3f0dc8f2c812b300ebf"},
    {file = "cython-3.2.0-cp38-cp38-macosx_11_0_arm64.whl", hash = "sha256:d41c8c3d4a98f151ec11b80e5aa865fce0cec2b5c7f49ed477e06d6aa03fe17c"},
    {file = "cython-3.2.0-cp38-cp38-manylinux2014_aarch64.manylinux_2_17_aarch64.manylinux_2_28_aarch64.whl", hash = "sha256:acc01538767f9bd467494860f0ec0644d6f6ba5bd768b7f14d7b404a459b19fa"},
    {file = "cython-3.2.0-cp38-cp38-manylinux2014_x86_64.manylinux_2_17_x86_64.manylinux_2_28_x86_64.whl", hash = "sha256:f237b1fa3d1c527a0f848d527b3013dd6f89ef2ab3907d79dd84415465fd755d"},
    {file = "cython-3.2.0-cp38-cp38-win_amd64.whl", hash = "sha256:b8461df22d8ea1233eceeaf329d359c8870023f48515209eb0b79902583f7207"},
    {file = "cython-3.2.0-cp39-abi3-macosx_10_9_x86_64.whl", hash = "sha256:04821ce06598a3aa5c9e0270d98960cfe6556dedbd1418c65e4479162b8ae74a"},
    {file = "cython-3.2.0-cp39-abi3-manylinux1_i686.manylinux_2_28_i686.manylinux_2_5_i686.whl", hash = "sha256:54b5b1c72a63da822b3f4739a0e31546c0a19f8e834b174906bf817ed5f9d65f"},
    {file = "cython-3.2.0-cp39-abi3-manylinux2014_armv7l.manylinux_2_17_armv7l.manylinux_2_31_armv7l.whl", hash = "sha256:6155a6c360e32af1aaa16fa10b0119b49deeadff42a1958973324150870af1b5"},
    {file = "cython-3.2.0-cp39-abi3-musllinux_1_2_aarch64.whl", hash = "sha256:861258ac3878b76c57b9b5a379787d772a0bc47fec9167b43986777de542c474"},
    {file = "cython-3.2.0-cp39-abi3-musllinux_1_2_armv7l.whl", hash = "sha256:85dbf955e3193893d0288105afa0fa5f4e835ff587061681f240a4f0487c44fb"},
    {file = "cython-3.2.0-cp39-abi3-musllinux_1_2_i686.whl", hash = "sha256:3b3f13822526726bac43275c0e92916bbcc2c30e9f559edc4c1132670b70498d"},
    {file = "cython-3.2.0-cp39-abi3-musllinux_1_2_x86_64.whl", hash = "sha256:ab18d09673d219008be5b6174bcbb6dbfd50904e66371f104a8a4698b791472d"},
    {file = "cython-3.2.0-cp39-abi3-win32.whl", hash = "sha256:c9fd986413fc52929b916187630a9abab9f876299951488c4b905ad5346afee6"},
    {file = "cython-3.2.0-cp39-abi3-win_arm64.whl", hash = "sha256:ee2ea79ddeb721f912e7efea039b9db059c81767ff04fbf9a995f64e1187df99"},
    {file = "cython-3.2.0-cp39-cp39-macosx_11_0_arm64.whl", hash = "sha256:b6e5df85f6dca0ccad0d86f7517d70653d74fcd9e739fc5eb8fb23312f07b73d"},
    {file = "cython-3.2.0-cp39-cp39-manylinux2014_aarch64.manylinux_2_17_aarch64.manylinux_2_28_aarch64.whl", hash = "sha256:eba59b55e9d743b5b62a57cef942688c1f52e09632ea6f25b3bbe6c47ecc2db2"},
    {file = "cython-3.2.0-cp39-cp39-manylinux2014_x86_64.manylinux_2_17_x86_64.manylinux_2_28_x86_64.whl", hash = "sha256:fdc6f4a34af5122490b154eb2878b6377b36844e42476c42472dfe5afbac7533"},
    {file = "cython-3.2.0-cp39-cp39-win_amd64.whl", hash = "sha256:9b54abd3dfd2bf43fdcba1a27fcfe1012a4b196ab77d7fd20fb97942d1ac0ed5"},
    {file = "cython-3.2.0-py3-none-any.whl", hash = "sha256:73f7f4c75acde5b5b4df05b11fdc2705ec637b99241d1bc2f4ebf345f7a2ea90"},
    {file = "cython-3.2.0.tar.gz", hash = "sha256:41fdce8237baee2d961c292ed0386903dfe126f131e450a62de0fd7a5280d4b2"},
]

[[package]]
name = "iniconfig"
version = "2.3.0"
description = "brain-dead simple config-ini parsing"
optional = false
python-versions = ">=3.10"
groups = ["main", "dev"]
files = [
    {file = "iniconfig-2.3.0-py3-none-any.whl", hash = "sha256:f631c04d2c48c52b84d0d0549c99ff3859c98df65b3101406327ecc7d53fbf12"},
    {file = "iniconfig-2.3.0.tar.gz", hash = "sha256:c76315c77db068650d49c5b56314774a7804df16fee4402c1f19d6d15d8c4730"},
]

[[package]]
name = "numpy"
version = "1.26.4"
description = "Fundamental package for array computing in Python"
optional = false
python-versions = ">=3.9"
groups = ["main"]
files = [
    {file = "numpy-1.26.4-cp310-cp310-macosx_10_9_x86_64.whl", hash = "sha256:9ff0f4f29c51e2803569d7a51c2304de5554655a60c5d776e35b4a41413830d0"},
    {file = "numpy-1.26.4-cp310-cp310-macosx_11_0_arm64.whl", hash = "sha256:2e4ee3380d6de9c9ec04745830fd9e2eccb3e6cf790d39d7b98ffd19b0dd754a"},
    {file = "numpy-1.26.4-cp310-cp310-manylinux_2_17_aarch64.manylinux2014_aarch64.whl", hash = "sha256:d209d8969599b27ad20994c8e41936ee0964e6da07478d6c35016bc386b66ad4"},
    {file = "numpy-1.26.4-cp310-cp310-manylinux_2_17_x86_64.manylinux2014_x86_64.whl", hash = "sha256:ffa75af20b44f8dba823498024771d5ac50620e6915abac414251bd971b4529f"},
    {file = "numpy-1.26.4-cp310-cp310-musllinux_1_1_aarch64.whl", hash = "sha256:62b8e4b1e28009ef2846b4c7852046736bab361f7aeadeb6a5b89ebec3c7055a"},
    {file = "numpy-1.26.4-cp310-cp310-musllinux_1_1_x86_64.whl", hash = "sha256:a4abb4f9001ad2858e7ac189089c42178fcce737e4169dc61321660f1a96c7d2"},
    {file = "numpy-1.26.4-cp310-cp310-win32.whl", hash = "sha256:bfe25acf8b437eb2a8b2d49d443800a5f18508cd811fea3181723922a8a82b07"},
    {file = "numpy-1.26.4-cp310-cp310-win_amd64.whl", hash = "sha256:b97fe8060236edf3662adfc2c633f56a08ae30560c56310562cb4f95500022d5"},
    {file = "numpy-1.26.4-cp311-cp311-macosx_10_9_x86_64.whl", hash = "sha256:4c66707fabe114439db9068ee468c26bbdf909cac0fb58686a42a24de1760c71"},
    {file = "numpy-1.26.4-cp311-cp311-macosx_11_0_arm64.whl", hash = "sha256:edd8b5fe47dab091176d21bb6de568acdd906d1887a4584a15a9a96a1dca06ef"},
    {file = "numpy-1.26.4-cp311-cp311-manylinux_2_17_aarch64.manylinux2014_aarch64.whl", hash = "sha256:7ab55401287bfec946ced39700c053796e7cc0e3acbef09993a9ad2adba6ca6e"},
    {file = "numpy-1.26.4-cp311-cp311-manylinux_2_17_x86_64.manylinux2014_x86_64.whl", hash = "sha256:666dbfb6ec68962c033a450943ded891bed2d54e6755e35e5835d63f4f6931d5"},
    {file = "numpy-1.26.4-cp311-cp311-musllinux_1_1_aarch64.whl", hash = "sha256:96ff0b2ad353d8f990b63294c8986f1ec3cb19d749234014f4e7eb0112ceba5a"},
    {file = "numpy-1.26.4-cp311-cp311-musllinux_1_1_x86_64.whl", hash = "sha256:60dedbb91afcbfdc9bc0b1f3f402804070deed7392c23eb7a7f07fa857868e8a"},
    {file = "numpy-1.26.4-cp311-cp311-win32.whl", hash = "sha256:1af303d6b2210eb850fcf03064d364652b7120803a0b872f5211f5234b399f20"},
    {file = "numpy-1.26.4-cp311-cp311-win_amd64.whl", hash = "sha256:cd25bcecc4974d09257ffcd1f098ee778f7834c3ad767fe5db785be9a4aa9cb2"},
    {file = "numpy-1.26.4-cp312-cp312-macosx_10_9_x86_64.whl", hash = "sha256:b3ce300f3644fb06443ee2222c2201dd3a89ea6040541412b8fa189341847218"},
    {file = "numpy-1.26.4-cp312-cp312-macosx_11_0_arm64.whl", hash = "sha256:03a8c78d01d9781b28a6989f6fa1bb2c4f2d51201cf99d3dd875df6fbd96b23b"},
    {file = "numpy-1.26.4-cp312-cp312-manylinux_2_17_aarch64.manylinux2014_aarch64.whl", hash = "sha256:9fad7dcb1aac3c7f0584a5a8133e3a43eeb2fe127f47e3632d43d677c66c102b"},
    {file = "numpy-1.26.4-cp312-cp312-manylinux_2_17_x86_64.manylinux2014_x86_64.whl", hash = "sha256:675d61ffbfa78604709862923189bad94014bef562cc35cf61d3a07bba02a7ed"},
    {file = "numpy-1.26.4-cp312-cp312-musllinux_1_1_aarch64.whl", hash = "sha256:ab47dbe5cc8210f55aa58e4805fe224dac469cde56b9f731a4c098b91917159a"},
    {file = "numpy-1.26.4-cp312-cp312-musllinux_1_1_x86_64.whl", hash = "sha256:1dda2e7b4ec9dd512f84935c5f126c8bd8b9f2fc001e9f54af255e8c5f16b0e0"},
    {file = "numpy-1.26.4-cp312-cp312-win32.whl", hash = "sha256:50193e430acfc1346175fcbdaa28ffec49947a06918b7b92130744e81e640110"},
    {file = "numpy-1.26.4-cp312-cp312-win_amd64.whl", hash = "sha256:08beddf13648eb95f8d867350f6a018a4be2e5ad54c8d8caed89ebca558b2818"},
    {file = "numpy-1.26.4-cp39-cp39-macosx_10_9_x86_64.whl", hash = "sha256:7349ab0fa0c429c82442a27a9673fc802ffdb7c7775fad780226cb234965e53c"},
    {file = "numpy-1.26.4-cp39-cp39-macosx_11_0_arm64.whl", hash = "sha256:52b8b60467cd7dd1e9ed082188b4e6bb35aa5cdd01777621a1658910745b90be"},
    {file = "numpy-1.26.4-cp39-cp39-manylinux_2_17_aarch64.manylinux2014_aarch64.whl", hash = "sha256:d5241e0a80d808d70546c697135da2c613f30e28251ff8307eb72ba696945764"},
    {file = "numpy-1.26.4-cp39-cp39-manylinux_2_17_x86_64.manylinux2014_x86_64.whl", hash = "sha256:f870204a840a60da0b12273ef34f7051e98c3b5961b61b0c2c1be6dfd64fbcd3"},
    {file = "numpy-1.26.4-cp39-cp39-musllinux_1_1_aarch64.whl", hash = "sha256:679b0076f67ecc0138fd2ede3a8fd196dddc2ad3254069bcb9faf9a79b1cebcd"},
    {file = "numpy-1.26.4-cp39-cp39-musllinux_1_1_x86_64.whl", hash = "sha256:47711010ad8555514b434df65f7d7b076bb8261df1ca9bb78f53d3b2db02e95c"},
    {file = "numpy-1.26.4-cp39-cp39-win32.whl", hash = "sha256:a354325ee03388678242a4d7ebcd08b5c727033fcff3b2f536aea978e15ee9e6"},
    {file = "numpy-1.26.4-cp39-cp39-win_amd64.whl", hash = "sha256:3373d5d70a5fe74a2c1bb6d2cfd9609ecf686d47a2d7b1d37a8f3b6bf6003aea"},
    {file = "numpy-1.26.4-pp39-pypy39_pp73-macosx_10_9_x86_64.whl", hash = "sha256:afedb719a9dcfc7eaf2287b839d8198e06dcd4cb5d276a3df279231138e83d30"},
    {file = "numpy-1.26.4-pp39-pypy39_pp73-manylinux_2_17_x86_64.manylinux2014_x86_64.whl", hash = "sha256:95a7476c59002f2f6c590b9b7b998306fba6a5aa646b1e22ddfeaf8f78c3a29c"},
    {file = "numpy-1.26.4-pp39-pypy39_pp73-win_amd64.whl", hash = "sha256:7e50d0a0cc3189f9cb0aeb3a6a6af18c16f59f004b866cd2be1c14b36134a4a0"},
    {file = "numpy-1.26.4.tar.gz", hash = "sha256:2a02aba9ed12e4ac4eb3ea9421c420301a0c6460d9830d74a9df87efa4912010"},
]

[[package]]
name = "packaging"
version = "25.0"
description = "Core utilities for Python packages"
optional = false
python-versions = ">=3.8"
groups = ["main", "dev"]
files = [
    {file = "packaging-25.0-py3-none-any.whl", hash = "sha256:29572ef2b1f17581046b3a2227d5c611fb25ec70ca1ba8554b24b0e69331a484"},
    {file = "packaging-25.0.tar.gz", hash = "sha256:d443872c98d677bf60f6a1f2f8c1cb748e8fe762d2bf9d3148b5599295b0fc4f"},
]

[[package]]
name = "pluggy"
version = "1.6.0"
description = "plugin and hook calling mechanisms for python"
optional = false
python-versions = ">=3.9"
groups = ["main", "dev"]
files = [
    {file = "pluggy-1.6.0-py3-none-any.whl", hash = "sha256:e920276dd6813095e9377c0bc5566d94c932c33b27a3e3945d8389c374dd4746"},
    {file = "pluggy-1.6.0.tar.gz", hash = "sha256:7dcc130b76258d33b90f61b658791dede3486c3e6bfb003ee5c9bfb396dd22f3"},
]

[package.extras]
dev = ["pre-commit", "tox"]
testing = ["coverage", "pytest", "pytest-benchmark"]

[[package]]
name = "pytest"
version = "7.4.4"
description = "pytest: simple powerful testing with Python"
optional = false
python-versions = ">=3.7"
groups = ["main", "dev"]
files = [
    {file = "pytest-7.4.4-py3-none-any.whl", hash = "sha256:b090cdf5ed60bf4c45261be03239c2c1c22df034fbffe691abe93cd80cea01d8"},
    {file = "pytest-7.4.4.tar.gz", hash = "sha256:2cf0005922c6ace4a3e2ec8b4080eb0d9753fdc93107415332f50ce9e7994280"},
]

[package.dependencies]
colorama = {version = "*", markers = "sys_platform == \"win32\""}
iniconfig = "*"
packaging = "*"
pluggy = ">=0.12,<2.0"

[package.extras]
testing = ["argcomplete", "attrs (>=19.2.0)", "hypothesis (>=3.56)", "mock", "nose", "pygments (>=2.7.2)", "requests", "setuptools", "xmlschema"]

[[package]]
name = "setuptools"
version = "68.2.2"
description = "Easily download, build, install, upgrade, and uninstall Python packages"
optional = false
python-versions = ">=3.8"
groups = ["main", "dev"]
files = [
    {file = "setuptools-68.2.2-py3-none-any.whl", hash = "sha256:b454a35605876da60632df1a60f736524eb73cc47bbc9f3f1ef1b644de74fd2a"},
    {file = "setuptools-68.2.2.tar.gz", hash = "sha256:4ac1475276d2f1c48684874089fefcd83bd7162ddaafb81fac866ba0db282a87"},
]

[package.extras]
docs = ["furo", "jaraco.packaging (>=9.3)", "jaraco.tidelift (>=1.4)", "pygments-github-lexers (==0.0.5)", "rst.linker (>=1.9)", "sphinx (>=3.5)", "sphinx-favicon", "sphinx-hoverxref (<2)", "sphinx-inline-tabs", "sphinx-lint", "sphinx-notfound-page (>=1,<2)", "sphinx-reredirects", "sphinxcontrib-towncrier"]
testing = ["build[virtualenv]", "filelock (>=3.4.0)", "flake8-2020", "ini2toml[lite] (>=0.9)", "jaraco.develop (>=7.21) ; python_version >= \"3.9\" and sys_platform != \"cygwin\"", "jaraco.envs (>=2.2)", "jaraco.path (>=3.2.0)", "pip (>=19.1)", "pytest (>=6)", "pytest-black (>=0.3.7) ; platform_python_implementation != \"PyPy\"", "pytest-checkdocs (>=2.4)", "pytest-cov ; platform_python_implementation != \"PyPy\"", "pytest-enabler (>=2.2)", "pytest-mypy (>=0.9.1) ; platform_python_implementation != \"PyPy\"", "pytest-perf ; sys_platform != \"cygwin\"", "pytest-ruff ; sys_platform != \"cygwin\"", "pytest-timeout", "pytest-xdist", "tomli-w (>=1.0.0)", "virtualenv (>=13.0.0)", "wheel"]
testing-integration = ["build[virtualenv] (>=1.0.3)", "filelock (>=3.4.0)", "jaraco.envs (>=2.2)", "jaraco.path (>=3.2.0)", "packaging (>=23.1)", "pytest", "pytest-enabler", "pytest-xdist", "tomli", "virtualenv (>=13.0.0)", "wheel"]

[extras]
dev = ["pytest", "setuptools"]

[metadata]
lock-version = "2.1"
python-versions = "^3.12"
content-hash = "ee9d2d52a50c4dcde74cbf2eb0a0a4fbe820ca640a22ff4cbc1109c841413ef4"
